version = 1
revision = 1
requires-python = ">=3.13"

[[package]]
name = "click"
version = "8.3.3"
source = { registry = "http://mirrors.aliyun.com/pypi/simple/" }
dependencies = [
    { name = "colorama", marker = "sys_platform == 'win32'" },
]
sdist = { url = "http://mirrors.aliyun.com/pypi/packages/bb/63/f9e1ea081ce35720d8b92acde70daaedace594dc93b693c869e0d5910718/click-8.3.3.tar.gz", hash = "sha256:398329ad4837b2ff7cbe1dd166a4c0f8900c3ca3a218de04466f38f6497f18a2" }
wheels = [
    { url = "http://mirrors.aliyun.com/pypi/packages/ae/44/c1221527f6a71a01ec6fbad7fa78f1d50dfa02217385cf0fa3eec7087d59/click-8.3.3-py3-none-any.whl", hash = "sha256:a2bf429bb3033c89fa4936ffb35d5cb471e3719e1f3c8a7c3fff0b8314305613" },
]

[[package]]
name = "colorama"
version = "0.4.6"
source = { registry = "http://mirrors.aliyun.com/pypi/simple/" }
sdist = { url = "http://mirrors.aliyun.com/pypi/packages/d8/53/6f443c9a4a8358a93a6792e2acffb9d9d5cb0a5cfd8802644b7b1c9a02e4/colorama-0.4.6.tar.gz", hash = "sha256:08695f5cb7ed6e0531a20572697297273c47b8cae5a63ffc6d6ed5c201be6e44" }
wheels = [
    { url = "http://mirrors.aliyun.com/pypi/packages/d1/d6/3965ed04c63042e047cb6a3e6ed1a63a35087b6a609aa3a15ed8ac56c221/colorama-0.4.6-py2.py3-none-any.whl", hash = "sha256:4f1d9991f5acc0ca119f9d443620b77f9d6b33703e51011c16baf57afb285fc6" },
]

[[package]]
name = "handy"
version = "0.1.0"
source = { editable = "." }
dependencies = [
    { name = "click" },
    { name = "pycryptodome" },
    { name = "ujson" },
]

[package.metadata]
requires-dist = [
    { name = "click", specifier = ">=8.3.3" },
    { name = "pycryptodome", specifier = ">=3.23.0" },
    { name = "ujson", specifier = ">=5.12.0" },
]

[[package]]
name = "pycryptodome"
version = "3.23.0"
source = { registry = "http://mirrors.aliyun.com/pypi/simple/" }
sdist = { url = "http://mirrors.aliyun.com/pypi/packages/8e/a6/8452177684d5e906854776276ddd34eca30d1b1e15aa1ee9cefc289a33f5/pycryptodome-3.23.0.tar.gz", hash = "sha256:447700a657182d60338bab09fdb27518f8856aecd80ae4c6bdddb67ff5da44ef" }
wheels = [
    { url = "http://mirrors.aliyun.com/pypi/packages/04/5d/bdb09489b63cd34a976cc9e2a8d938114f7a53a74d3dd4f125ffa49dce82/pycryptodome-3.23.0-cp313-cp313t-macosx_10_13_universal2.whl", hash = "sha256:0011f7f00cdb74879142011f95133274741778abba114ceca229adbf8e62c3e4" },
    { url = "http://mirrors.aliyun.com/pypi/packages/a7/ce/7840250ed4cc0039c433cd41715536f926d6e86ce84e904068eb3244b6a6/pycryptodome-3.23.0-cp313-cp313t-macosx_10_13_x86_64.whl", hash = "sha256:90460fc9e088ce095f9ee8356722d4f10f86e5be06e2354230a9880b9c549aae" },
    { url = "http://mirrors.aliyun.com/pypi/packages/ee/f0/991da24c55c1f688d6a3b5a11940567353f74590734ee4a64294834ae472/pycryptodome-3.23.0-cp313-cp313t-manylinux_2_17_aarch64.manylinux2014_aarch64.whl", hash = "sha256:4764e64b269fc83b00f682c47443c2e6e85b18273712b98aa43bcb77f8570477" },
    { url = "http://mirrors.aliyun.com/pypi/packages/54/16/0e11882deddf00f68b68dd4e8e442ddc30641f31afeb2bc25588124ac8de/pycryptodome-3.23.0-cp313-cp313t-manylinux_2_17_x86_64.manylinux2014_x86_64.whl", hash = "sha256:eb8f24adb74984aa0e5d07a2368ad95276cf38051fe2dc6605cbcf482e04f2a7" },
    { url = "http://mirrors.aliyun.com/pypi/packages/d5/fc/4347fea23a3f95ffb931f383ff28b3f7b1fe868739182cb76718c0da86a1/pycryptodome-3.23.0-cp313-cp313t-manylinux_2_5_i686.manylinux1_i686.manylinux_2_17_i686.manylinux2014_i686.whl", hash = "sha256:d97618c9c6684a97ef7637ba43bdf6663a2e2e77efe0f863cce97a76af396446" },
    { url = "http://mirrors.aliyun.com/pypi/packages/6e/d9/c5261780b69ce66d8cfab25d2797bd6e82ba0241804694cd48be41add5eb/pycryptodome-3.23.0-cp313-cp313t-musllinux_1_2_aarch64.whl", hash = "sha256:9a53a4fe5cb075075d515797d6ce2f56772ea7e6a1e5e4b96cf78a14bac3d265" },
    { url = "http://mirrors.aliyun.com/pypi/packages/5a/6f/3af2ffedd5cfa08c631f89452c6648c4d779e7772dfc388c77c920ca6bbf/pycryptodome-3.23.0-cp313-cp313t-musllinux_1_2_i686.whl", hash = "sha256:763d1d74f56f031788e5d307029caef067febf890cd1f8bf61183ae142f1a77b" },
    { url = "http://mirrors.aliyun.com/pypi/packages/9a/dc/9060d807039ee5de6e2f260f72f3d70ac213993a804f5e67e0a73a56dd2f/pycryptodome-3.23.0-cp313-cp313t-musllinux_1_2_x86_64.whl", hash = "sha256:954af0e2bd7cea83ce72243b14e4fb518b18f0c1649b576d114973e2073b273d" },
    { url = "http://mirrors.aliyun.com/pypi/packages/f9/34/e6c8ca177cb29dcc4967fef73f5de445912f93bd0343c9c33c8e5bf8cde8/pycryptodome-3.23.0-cp313-cp313t-win32.whl", hash = "sha256:257bb3572c63ad8ba40b89f6fc9d63a2a628e9f9708d31ee26560925ebe0210a" },
    { url = "http://mirrors.aliyun.com/pypi/packages/e4/1d/89756b8d7ff623ad0160f4539da571d1f594d21ee6d68be130a6eccb39a4/pycryptodome-3.23.0-cp313-cp313t-win_amd64.whl", hash = "sha256:6501790c5b62a29fcb227bd6b62012181d886a767ce9ed03b303d1f22eb5c625" },
    { url = "http://mirrors.aliyun.com/pypi/packages/5d/61/35a64f0feaea9fd07f0d91209e7be91726eb48c0f1bfc6720647194071e4/pycryptodome-3.23.0-cp313-cp313t-win_arm64.whl", hash = "sha256:9a77627a330ab23ca43b48b130e202582e91cc69619947840ea4d2d1be21eb39" },
    { url = "http://mirrors.aliyun.com/pypi/packages/db/6c/a1f71542c969912bb0e106f64f60a56cc1f0fabecf9396f45accbe63fa68/pycryptodome-3.23.0-cp37-abi3-macosx_10_9_universal2.whl", hash = "sha256:187058ab80b3281b1de11c2e6842a357a1f71b42cb1e15bce373f3d238135c27" },
    { url = "http://mirrors.aliyun.com/pypi/packages/6e/4e/a066527e079fc5002390c8acdd3aca431e6ea0a50ffd7201551175b47323/pycryptodome-3.23.0-cp37-abi3-macosx_10_9_x86_64.whl", hash = "sha256:cfb5cd445280c5b0a4e6187a7ce8de5a07b5f3f897f235caa11f1f435f182843" },
    { url = "http://mirrors.aliyun.com/pypi/packages/50/52/adaf4c8c100a8c49d2bd058e5b551f73dfd8cb89eb4911e25a0c469b6b4e/pycryptodome-3.23.0-cp37-abi3-manylinux_2_17_aarch64.manylinux2014_aarch64.whl", hash = "sha256:67bd81fcbe34f43ad9422ee8fd4843c8e7198dd88dd3d40e6de42ee65fbe1490" },
    { url = "http://mirrors.aliyun.com/pypi/packages/5f/e9/a09476d436d0ff1402ac3867d933c61805ec2326c6ea557aeeac3825604e/pycryptodome-3.23.0-cp37-abi3-manylinux_2_17_x86_64.manylinux2014_x86_64.whl", hash = "sha256:c8987bd3307a39bc03df5c8e0e3d8be0c4c3518b7f044b0f4c15d1aa78f52575" },
    { url = "http://mirrors.aliyun.com/pypi/packages/f9/c5/ffe6474e0c551d54cab931918127c46d70cab8f114e0c2b5a3c071c2f484/pycryptodome-3.23.0-cp37-abi3-manylinux_2_5_i686.manylinux1_i686.manylinux_2_17_i686.manylinux2014_i686.whl", hash = "sha256:aa0698f65e5b570426fc31b8162ed4603b0c2841cbb9088e2b01641e3065915b" },
    { url = "http://mirrors.aliyun.com/pypi/packages/18/28/e199677fc15ecf43010f2463fde4c1a53015d1fe95fb03bca2890836603a/pycryptodome-3.23.0-cp37-abi3-musllinux_1_2_aarch64.whl", hash = "sha256:53ecbafc2b55353edcebd64bf5da94a2a2cdf5090a6915bcca6eca6cc452585a" },
    { url = "http://mirrors.aliyun.com/pypi/packages/ce/ea/4fdb09f2165ce1365c9eaefef36625583371ee514db58dc9b65d3a255c4c/pycryptodome-3.23.0-cp37-abi3-musllinux_1_2_i686.whl", hash = "sha256:156df9667ad9f2ad26255926524e1c136d6664b741547deb0a86a9acf5ea631f" },
    { url = "http://mirrors.aliyun.com/pypi/packages/22/82/6edc3fc42fe9284aead511394bac167693fb2b0e0395b28b8bedaa07ef04/pycryptodome-3.23.0-cp37-abi3-musllinux_1_2_x86_64.whl", hash = "sha256:dea827b4d55ee390dc89b2afe5927d4308a8b538ae91d9c6f7a5090f397af1aa" },
    { url = "http://mirrors.aliyun.com/pypi/packages/59/fe/aae679b64363eb78326c7fdc9d06ec3de18bac68be4b612fc1fe8902693c/pycryptodome-3.23.0-cp37-abi3-win32.whl", hash = "sha256:507dbead45474b62b2bbe318eb1c4c8ee641077532067fec9c1aa82c31f84886" },
    { url = "http://mirrors.aliyun.com/pypi/packages/54/2f/e97a1b8294db0daaa87012c24a7bb714147c7ade7656973fd6c736b484ff/pycryptodome-3.23.0-cp37-abi3-win_amd64.whl", hash = "sha256:c75b52aacc6c0c260f204cbdd834f76edc9fb0d8e0da9fbf8352ef58202564e2" },
    { url = "http://mirrors.aliyun.com/pypi/packages/18/3d/f9441a0d798bf2b1e645adc3265e55706aead1255ccdad3856dbdcffec14/pycryptodome-3.23.0-cp37-abi3-win_arm64.whl", hash = "sha256:11eeeb6917903876f134b56ba11abe95c0b0fd5e3330def218083c7d98bbcb3c" },
]

[[package]]
name = "ujson"
version = "5.12.0"
source = { registry = "http://mirrors.aliyun.com/pypi/simple/" }
sdist = { url = "http://mirrors.aliyun.com/pypi/packages/cb/3e/c35530c5ffc25b71c59ae0cd7b8f99df37313daa162ce1e2f7925f7c2877/ujson-5.12.0.tar.gz", hash = "sha256:14b2e1eb528d77bc0f4c5bd1a7ebc05e02b5b41beefb7e8567c9675b8b13bcf4" }
wheels = [
    { url = "http://mirrors.aliyun.com/pypi/packages/3f/f1/0ef0eeab1db8493e1833c8b440fe32cf7538f7afa6e7f7c7e9f62cef464d/ujson-5.12.0-cp313-cp313-macosx_10_13_x86_64.whl", hash = "sha256:15d416440148f3e56b9b244fdaf8a09fcf5a72e4944b8e119f5bf60417a2bfc8" },
    { url = "http://mirrors.aliyun.com/pypi/packages/b0/2f/9159f6f399b3f572d20847a2b80d133e3a03c14712b0da4971a36879fb64/ujson-5.12.0-cp313-cp313-macosx_11_0_arm64.whl", hash = "sha256:e0dd3676ea0837cd70ea1879765e9e9f6be063be0436de9b3ea4b775caf83654" },
    { url = "http://mirrors.aliyun.com/pypi/packages/e5/a9/f96376818d71495d1a4be19a0ab6acf0cc01dd8826553734c3d4dac685b2/ujson-5.12.0-cp313-cp313-manylinux_2_24_aarch64.manylinux_2_28_aarch64.whl", hash = "sha256:7bbf05c38debc90d1a195b11340cc85cb43ab3e753dc47558a3a84a38cbc72da" },
    { url = "http://mirrors.aliyun.com/pypi/packages/98/8d/dd4a151caac6fdcb77f024fbe7f09d465ebf347a628ed6dd581a0a7f6364/ujson-5.12.0-cp313-cp313-manylinux_2_24_i686.manylinux_2_28_i686.whl", hash = "sha256:3c2f947e55d3c7cfe124dd4521ee481516f3007d13c6ad4bf6aeb722e190eb1b" },
    { url = "http://mirrors.aliyun.com/pypi/packages/c7/17/0d36c2fee0a8d8dc37b011ccd5bbdcfaff8b8ec2bcfc5be998661cdc935b/ujson-5.12.0-cp313-cp313-manylinux_2_24_x86_64.manylinux_2_28_x86_64.whl", hash = "sha256:2ea6206043385343aff0b7da65cf73677f6f5e50de8f1c879e557f4298cac36a" },
    { url = "http://mirrors.aliyun.com/pypi/packages/8c/04/b0ee4a4b643a01ba398441da1e357480595edb37c6c94c508dbe0eb9eb60/ujson-5.12.0-cp313-cp313-musllinux_1_2_aarch64.whl", hash = "sha256:bb349dbba57c76eec25e5917e07f35aabaf0a33b9e67fc13d188002500106487" },
    { url = "http://mirrors.aliyun.com/pypi/packages/2d/08/0e7780d0bbb48fe57ded91f550144bcc99c03b5360bf2886dd0dae0ea8f5/ujson-5.12.0-cp313-cp313-musllinux_1_2_i686.whl", hash = "sha256:937794042342006f707837f38d721426b11b0774d327a2a45c0bd389eb750a87" },
    { url = "http://mirrors.aliyun.com/pypi/packages/ba/4c/e0e34107715bb4dd2d4dcc1ce244d2f074638837adf38aff85a37506efe4/ujson-5.12.0-cp313-cp313-musllinux_1_2_x86_64.whl", hash = "sha256:6ad57654570464eb1b040b5c353dee442608e06cff9102b8fcb105565a44c9ed" },
    { url = "http://mirrors.aliyun.com/pypi/packages/72/43/814f4e2b5374d0d505c254ba4bed43eb25d2d046f19f5fd88555f81a7bd0/ujson-5.12.0-cp313-cp313-win32.whl", hash = "sha256:76bf3e7406cf23a3e1ca6a23fb1fb9ea82f4f6bd226fe226e09146b0194f85dc" },
    { url = "http://mirrors.aliyun.com/pypi/packages/0f/fe/19310d848ebe93315b6cb171277e4ce29f47ef9d46caabd63ff05d5be548/ujson-5.12.0-cp313-cp313-win_amd64.whl", hash = "sha256:15e555c4caca42411270b2ed2b2ebc7b3a42bb04138cef6c956e1f1d49709fe2" },
    { url = "http://mirrors.aliyun.com/pypi/packages/3f/e4/7a39103d7634691601a02bd1ca7268fba4da47ed586365e6ee68168f575a/ujson-5.12.0-cp313-cp313-win_arm64.whl", hash = "sha256:bd03472c36fa3a386a6deb887113b9e3fa40efba8203eb4fe786d3c0ccc724f6" },
    { url = "http://mirrors.aliyun.com/pypi/packages/10/bd/9a8d693254bada62bfea75a507e014afcfdb6b9d047b6f8dd134bfefaf67/ujson-5.12.0-cp314-cp314-macosx_10_15_x86_64.whl", hash = "sha256:85833bca01aa5cae326ac759276dc175c5fa3f7b3733b7d543cf27f2df12d1ef" },
    { url = "http://mirrors.aliyun.com/pypi/packages/bd/2d/285a83df8176e18dcd675d1a4cff8f7620f003f30903ea43929406e98986/ujson-5.12.0-cp314-cp314-macosx_11_0_arm64.whl", hash = "sha256:d22cad98c2a10bbf6aa083a8980db6ed90d4285a841c4de892890c2b28286ef9" },
    { url = "http://mirrors.aliyun.com/pypi/packages/bf/8b/e2f09e16dabfa91f6a84555df34a4329fa7621e92ed054d170b9054b9bb2/ujson-5.12.0-cp314-cp314-manylinux_2_24_aarch64.manylinux_2_28_aarch64.whl", hash = "sha256:99cc80facad240b0c2fb5a633044420878aac87a8e7c348b9486450cba93f27c" },
    { url = "http://mirrors.aliyun.com/pypi/packages/68/fb/ba1d06f3658a0c36d0ab3869ec3914f202bad0a9bde92654e41516c7bb13/ujson-5.12.0-cp314-cp314-manylinux_2_24_i686.manylinux_2_28_i686.whl", hash = "sha256:d1831c07bd4dce53c4b666fa846c7eba4b7c414f2e641a4585b7f50b72f502dc" },
    { url = "http://mirrors.aliyun.com/pypi/packages/64/2b/3e322bf82d926d9857206cd5820438d78392d1f523dacecb8bd899952f73/ujson-5.12.0-cp314-cp314-manylinux_2_24_x86_64.manylinux_2_28_x86_64.whl", hash = "sha256:0e00cec383eab2406c9e006bd4edb55d284e94bb943fda558326048178d26961" },
    { url = "http://mirrors.aliyun.com/pypi/packages/e9/fd/af72d69603f9885e5136509a529a4f6d88bf652b457263ff96aefcd3ab7d/ujson-5.12.0-cp314-cp314-musllinux_1_2_aarch64.whl", hash = "sha256:f19b3af31d02a2e79c5f9a6deaab0fb3c116456aeb9277d11720ad433de6dfc6" },
    { url = "http://mirrors.aliyun.com/pypi/packages/9c/a7/a2411ec81aef7872578e56304c3e41b3a544a9809e95c8e1df46923fc40b/ujson-5.12.0-cp314-cp314-musllinux_1_2_i686.whl", hash = "sha256:bacbd3c69862478cbe1c7ed4325caedec580d8acf31b8ee1b9a1e02a56295cad" },
    { url = "http://mirrors.aliyun.com/pypi/packages/ed/85/aa18ae175dd03a118555aa14304d4f466f9db61b924c97c6f84388ecacb1/ujson-5.12.0-cp314-cp314-musllinux_1_2_x86_64.whl", hash = "sha256:94c5f1621cbcab83c03be46441f090b68b9f307b6c7ec44d4e3f6d5997383df4" },
    { url = "http://mirrors.aliyun.com/pypi/packages/d3/d4/4b40b67ac7e916ebffc3041ae2320c5c0b8a045300d4c542b6e50930cca5/ujson-5.12.0-cp314-cp314-win32.whl", hash = "sha256:e6369ac293d2cc40d52577e4fa3d75a70c1aae2d01fa3580a34a4e6eff9286b9" },
    { url = "http://mirrors.aliyun.com/pypi/packages/24/38/a1496d2a3428981f2b3a2ffbb4656c2b05be6cc406301d6b10a6445f6481/ujson-5.12.0-cp314-cp314-win_amd64.whl", hash = "sha256:31348a0ffbfc815ce78daac569d893349d85a0b57e1cd2cdbba50b7f333784da" },
    { url = "http://mirrors.aliyun.com/pypi/packages/85/d3/39dbd3159543d9c57ec3a82d36226152cf0d710784894ce5aa24b8220ac1/ujson-5.12.0-cp314-cp314-win_arm64.whl", hash = "sha256:6879aed770557f0961b252648d36f6fdaab41079d37a2296b5649fd1b35608e0" },
    { url = "http://mirrors.aliyun.com/pypi/packages/c3/71/9b4dacb177d3509077e50497222d39eec04c8b41edb1471efc764d645237/ujson-5.12.0-cp314-cp314t-macosx_10_15_x86_64.whl", hash = "sha256:7ddb08b3c2f9213df1f2e3eb2fbea4963d80ec0f8de21f0b59898e34f3b3d96d" },
    { url = "http://mirrors.aliyun.com/pypi/packages/24/c2/8abffa3be1f3d605c4a62445fab232b3e7681512ce941c6b23014f404d36/ujson-5.12.0-cp314-cp314t-macosx_11_0_arm64.whl", hash = "sha256:0a3ae28f0b209be5af50b54ca3e2123a3de3a57d87b75f1e5aa3d7961e041983" },
    { url = "http://mirrors.aliyun.com/pypi/packages/db/2e/60114a35d1d6796eb428f7affcba00a921831ff604a37d9142c3d8bbe5c5/ujson-5.12.0-cp314-cp314t-manylinux_2_24_aarch64.manylinux_2_28_aarch64.whl", hash = "sha256:d30ad4359413c8821cc7b3707f7ca38aa8bc852ba3b9c5a759ee2d7740157315" },
    { url = "http://mirrors.aliyun.com/pypi/packages/c8/ad/010925c2116c21ce119f9c2ff18d01f48a19ade3ff4c5795da03ce5829fc/ujson-5.12.0-cp314-cp314t-manylinux_2_24_i686.manylinux_2_28_i686.whl", hash = "sha256:02f93da7a4115e24f886b04fd56df1ee8741c2ce4ea491b7ab3152f744ad8f8e" },
    { url = "http://mirrors.aliyun.com/pypi/packages/9b/74/db7f638bf20282b1dccf454386cbd483faaaed3cdbb9cb27e06f74bb109e/ujson-5.12.0-cp314-cp314t-manylinux_2_24_x86_64.manylinux_2_28_x86_64.whl", hash = "sha256:3ff4ede90ed771140caa7e1890de17431763a483c54b3c1f88bd30f0cc1affc0" },
    { url = "http://mirrors.aliyun.com/pypi/packages/9c/7e/3ebaecfa70a2e8ce623db8e21bd5cb05d42a5ef943bcbb3309d71b5de68d/ujson-5.12.0-cp314-cp314t-musllinux_1_2_aarch64.whl", hash = "sha256:a7bf9cc97f05048ac8f3e02cd58f0fe62b901453c24345bfde287f4305dcc31c" },
    { url = "http://mirrors.aliyun.com/pypi/packages/2e/aa/e073eda7f0036c2973b28db7bb99faba17a932e7b52d801f9bb3e726271f/ujson-5.12.0-cp314-cp314t-musllinux_1_2_i686.whl", hash = "sha256:2324d9a0502317ffc35d38e153c1b2fa9610ae03775c9d0f8d0cca7b8572b04e" },
    { url = "http://mirrors.aliyun.com/pypi/packages/1c/01/b9a13f058fdd50c746b192c4447ca8d6352e696dcda912ccee10f032ff85/ujson-5.12.0-cp314-cp314t-musllinux_1_2_x86_64.whl", hash = "sha256:50524f4f6a1c839714dbaff5386a1afb245d2d5ec8213a01fbc99cea7307811e" },
    { url = "http://mirrors.aliyun.com/pypi/packages/c4/37/3d1b4e0076b6e43379600b5229a5993db8a759ff2e1830ea635d876f6644/ujson-5.12.0-cp314-cp314t-win32.whl", hash = "sha256:f7a0430d765f9bda043e6aefaba5944d5f21ec43ff4774417d7e296f61917382" },
    { url = "http://mirrors.aliyun.com/pypi/packages/b1/c5/3c2a262a138b9f0014fe1134a6b5fdc2c54245030affbaac2fcbc0632138/ujson-5.12.0-cp314-cp314t-win_amd64.whl", hash = "sha256:ccbfd94e59aad4a2566c71912b55f0547ac1680bfac25eb138e6703eb3dd434e" },
    { url = "http://mirrors.aliyun.com/pypi/packages/83/40/956dc20b7e00dc0ff3259871864f18dab211837fce3478778bedb3132ac1/ujson-5.12.0-cp314-cp314t-win_arm64.whl", hash = "sha256:42d875388fbd091c7ea01edfff260f839ba303038ffb23475ef392012e4d63dd" },
]
